// !$*UTF8*$!
{
	archiveVersion = 1;
	classes = {
	};
	objectVersion = 56;
	objects = {

/* Begin PBXBuildFile section */
		7E18CF122C090A6600852A6D /* Monthly_SwiftUIApp.swift in Sources */ = {isa = PBXBuildFile; fileRef = 7E18CF112C090A6600852A6D /* Monthly_SwiftUIApp.swift */; };
		7E18CF142C090A6600852A6D /* ContentView.swift in Sources */ = {isa = PBXBuildFile; fileRef = 7E18CF132C090A6600852A6D /* ContentView.swift */; };
		7E18CF162C090A6800852A6D /* Assets.xcassets in Resources */ = {isa = PBXBuildFile; fileRef = 7E18CF152C090A6800852A6D /* Assets.xcassets */; };
		7E18CF192C090A6800852A6D /* Preview Assets.xcassets in Resources */ = {isa = PBXBuildFile; fileRef = 7E18CF182C090A6800852A6D /* Preview Assets.xcassets */; };
		7E451AA82C0A3CCA00AAC64A /* RegisterView.swift in Sources */ = {isa = PBXBuildFile; fileRef = 7E451AA72C0A3CCA00AAC64A /* RegisterView.swift */; };
		7E451AAE2C0A458000AAC64A /* RegisterHeaderTextField.swift in Sources */ = {isa = PBXBuildFile; fileRef = 7E451AAD2C0A458000AAC64A /* RegisterHeaderTextField.swift */; };
		7E451AB12C0A467800AAC64A /* RegisterHeaderSecureField.swift in Sources */ = {isa = PBXBuildFile; fileRef = 7E451AB02C0A467800AAC64A /* RegisterHeaderSecureField.swift */; };
		7E451AB32C0A49E800AAC64A /* RegisterHeaderPhoto.swift in Sources */ = {isa = PBXBuildFile; fileRef = 7E451AB22C0A49E800AAC64A /* RegisterHeaderPhoto.swift */; };
		7EB93B9A2C0A505100436463 /* RegisterViewModel.swift in Sources */ = {isa = PBXBuildFile; fileRef = 7EB93B992C0A505100436463 /* RegisterViewModel.swift */; };
		7EDB542C2C0F0F6A006696F0 /* FirebaseAnalytics in Frameworks */ = {isa = PBXBuildFile; productRef = 7EDB542B2C0F0F6A006696F0 /* FirebaseAnalytics */; };
		7EDB542E2C0F0F6A006696F0 /* FirebaseAnalyticsOnDeviceConversion in Frameworks */ = {isa = PBXBuildFile; productRef = 7EDB542D2C0F0F6A006696F0 /* FirebaseAnalyticsOnDeviceConversion */; };
		7EDB54302C0F0F6A006696F0 /* FirebaseAnalyticsSwift in Frameworks */ = {isa = PBXBuildFile; productRef = 7EDB542F2C0F0F6A006696F0 /* FirebaseAnalyticsSwift */; };
		7EDB54322C0F0F6B006696F0 /* FirebaseAnalyticsWithoutAdIdSupport in Frameworks */ = {isa = PBXBuildFile; productRef = 7EDB54312C0F0F6B006696F0 /* FirebaseAnalyticsWithoutAdIdSupport */; };
		7EDB54342C0F0F6B006696F0 /* FirebaseAppCheck in Frameworks */ = {isa = PBXBuildFile; productRef = 7EDB54332C0F0F6B006696F0 /* FirebaseAppCheck */; };
		7EDB54362C0F0F9F006696F0 /* AuthenticationService.swift in Sources */ = {isa = PBXBuildFile; fileRef = 7EDB54352C0F0F9F006696F0 /* AuthenticationService.swift */; };
		7EDB54392C0F101F006696F0 /* FirebaseAuth in Frameworks */ = {isa = PBXBuildFile; productRef = 7EDB54382C0F101F006696F0 /* FirebaseAuth */; };
		7EDB543B2C0F563C006696F0 /* GoogleService-Info.plist in Resources */ = {isa = PBXBuildFile; fileRef = 7EDB543A2C0F563B006696F0 /* GoogleService-Info.plist */; };
		7EDB543E2C0F5D3C006696F0 /* LoginView.swift in Sources */ = {isa = PBXBuildFile; fileRef = 7EDB543D2C0F5D3C006696F0 /* LoginView.swift */; };
		7EDB54452C0F61C9006696F0 /* AuthButtonModifier.swift in Sources */ = {isa = PBXBuildFile; fileRef = 7EDB54442C0F61C9006696F0 /* AuthButtonModifier.swift */; };
		7EDB54492C0F7963006696F0 /* AuthTextFieldModifier.swift in Sources */ = {isa = PBXBuildFile; fileRef = 7EDB54482C0F7963006696F0 /* AuthTextFieldModifier.swift */; };
		7EDB544B2C0F7CE8006696F0 /* AddEmailView.swift in Sources */ = {isa = PBXBuildFile; fileRef = 7EDB544A2C0F7CE7006696F0 /* AddEmailView.swift */; };
		7EDB544D2C0F7F80006696F0 /* AddPasswordView.swift in Sources */ = {isa = PBXBuildFile; fileRef = 7EDB544C2C0F7F80006696F0 /* AddPasswordView.swift */; };
		7EDB54512C0F8037006696F0 /* AddUserNameView.swift in Sources */ = {isa = PBXBuildFile; fileRef = 7EDB54502C0F8037006696F0 /* AddUserNameView.swift */; };
/* End PBXBuildFile section */

/* Begin PBXFileReference section */
		7E18CF0E2C090A6600852A6D /* Monthly-SwiftUI.app */ = {isa = PBXFileReference; explicitFileType = wrapper.application; includeInIndex = 0; path = "Monthly-SwiftUI.app"; sourceTree = BUILT_PRODUCTS_DIR; };
		7E18CF112C090A6600852A6D /* Monthly_SwiftUIApp.swift */ = {isa = PBXFileReference; lastKnownFileType = sourcecode.swift; path = Monthly_SwiftUIApp.swift; sourceTree = "<group>"; };
		7E18CF132C090A6600852A6D /* ContentView.swift */ = {isa = PBXFileReference; lastKnownFileType = sourcecode.swift; path = ContentView.swift; sourceTree = "<group>"; };
		7E18CF152C090A6800852A6D /* Assets.xcassets */ = {isa = PBXFileReference; lastKnownFileType = folder.assetcatalog; path = Assets.xcassets; sourceTree = "<group>"; };
		7E18CF182C090A6800852A6D /* Preview Assets.xcassets */ = {isa = PBXFileReference; lastKnownFileType = folder.assetcatalog; path = "Preview Assets.xcassets"; sourceTree = "<group>"; };
		7E451AA72C0A3CCA00AAC64A /* RegisterView.swift */ = {isa = PBXFileReference; lastKnownFileType = sourcecode.swift; path = RegisterView.swift; sourceTree = "<group>"; };
		7E451AAD2C0A458000AAC64A /* RegisterHeaderTextField.swift */ = {isa = PBXFileReference; lastKnownFileType = sourcecode.swift; path = RegisterHeaderTextField.swift; sourceTree = "<group>"; };
		7E451AB02C0A467800AAC64A /* RegisterHeaderSecureField.swift */ = {isa = PBXFileReference; lastKnownFileType = sourcecode.swift; path = RegisterHeaderSecureField.swift; sourceTree = "<group>"; };
		7E451AB22C0A49E800AAC64A /* RegisterHeaderPhoto.swift */ = {isa = PBXFileReference; lastKnownFileType = sourcecode.swift; path = RegisterHeaderPhoto.swift; sourceTree = "<group>"; };
		7EB93B992C0A505100436463 /* RegisterViewModel.swift */ = {isa = PBXFileReference; lastKnownFileType = sourcecode.swift; path = RegisterViewModel.swift; sourceTree = "<group>"; };
		7EDB54352C0F0F9F006696F0 /* AuthenticationService.swift */ = {isa = PBXFileReference; lastKnownFileType = sourcecode.swift; path = AuthenticationService.swift; sourceTree = "<group>"; };
		7EDB543A2C0F563B006696F0 /* GoogleService-Info.plist */ = {isa = PBXFileReference; fileEncoding = 4; lastKnownFileType = text.plist.xml; path = "GoogleService-Info.plist"; sourceTree = "<group>"; };
		7EDB543D2C0F5D3C006696F0 /* LoginView.swift */ = {isa = PBXFileReference; lastKnownFileType = sourcecode.swift; path = LoginView.swift; sourceTree = "<group>"; };
		7EDB54442C0F61C9006696F0 /* AuthButtonModifier.swift */ = {isa = PBXFileReference; lastKnownFileType = sourcecode.swift; path = AuthButtonModifier.swift; sourceTree = "<group>"; };
		7EDB54482C0F7963006696F0 /* AuthTextFieldModifier.swift */ = {isa = PBXFileReference; lastKnownFileType = sourcecode.swift; path = AuthTextFieldModifier.swift; sourceTree = "<group>"; };
		7EDB544A2C0F7CE7006696F0 /* AddEmailView.swift */ = {isa = PBXFileReference; fileEncoding = 4; lastKnownFileType = sourcecode.swift; path = AddEmailView.swift; sourceTree = "<group>"; };
		7EDB544C2C0F7F80006696F0 /* AddPasswordView.swift */ = {isa = PBXFileReference; lastKnownFileType = sourcecode.swift; path = AddPasswordView.swift; sourceTree = "<group>"; };
		7EDB54502C0F8037006696F0 /* AddUserNameView.swift */ = {isa = PBXFileReference; lastKnownFileType = sourcecode.swift; path = AddUserNameView.swift; sourceTree = "<group>"; };
/* End PBXFileReference section */

/* Begin PBXFrameworksBuildPhase section */
		7E18CF0B2C090A6600852A6D /* Frameworks */ = {
			isa = PBXFrameworksBuildPhase;
			buildActionMask = 2147483647;
			files = (
				7EDB54302C0F0F6A006696F0 /* FirebaseAnalyticsSwift in Frameworks */,
				7EDB54392C0F101F006696F0 /* FirebaseAuth in Frameworks */,
				7EDB542C2C0F0F6A006696F0 /* FirebaseAnalytics in Frameworks */,
				7EDB542E2C0F0F6A006696F0 /* FirebaseAnalyticsOnDeviceConversion in Frameworks */,
				7EDB54342C0F0F6B006696F0 /* FirebaseAppCheck in Frameworks */,
				7EDB54322C0F0F6B006696F0 /* FirebaseAnalyticsWithoutAdIdSupport in Frameworks */,
			);
			runOnlyForDeploymentPostprocessing = 0;
		};
/* End PBXFrameworksBuildPhase section */

/* Begin PBXGroup section */
		7E18CF052C090A6600852A6D = {
			isa = PBXGroup;
			children = (
				7E18CF102C090A6600852A6D /* Monthly-SwiftUI */,
				7EDB543A2C0F563B006696F0 /* GoogleService-Info.plist */,
				7E18CF0F2C090A6600852A6D /* Products */,
				7EDB54372C0F101F006696F0 /* Frameworks */,
			);
			sourceTree = "<group>";
		};
		7E18CF0F2C090A6600852A6D /* Products */ = {
			isa = PBXGroup;
			children = (
				7E18CF0E2C090A6600852A6D /* Monthly-SwiftUI.app */,
			);
			name = Products;
			sourceTree = "<group>";
		};
		7E18CF102C090A6600852A6D /* Monthly-SwiftUI */ = {
			isa = PBXGroup;
			children = (
				7E18CF1F2C090A7E00852A6D /* App */,
				7E18CF202C090A8E00852A6D /* Core */,
				7E18CF232C090AD100852A6D /* Extensions */,
				7E18CF222C090AB300852A6D /* Model */,
				7E18CF212C090A9600852A6D /* Resources */,
				7E18CF242C090ADB00852A6D /* Services */,
				7E18CF152C090A6800852A6D /* Assets.xcassets */,
				7E18CF172C090A6800852A6D /* Preview Content */,
			);
			path = "Monthly-SwiftUI";
			sourceTree = "<group>";
		};
		7E18CF172C090A6800852A6D /* Preview Content */ = {
			isa = PBXGroup;
			children = (
				7E18CF182C090A6800852A6D /* Preview Assets.xcassets */,
			);
			path = "Preview Content";
			sourceTree = "<group>";
		};
		7E18CF1F2C090A7E00852A6D /* App */ = {
			isa = PBXGroup;
			children = (
				7E18CF112C090A6600852A6D /* Monthly_SwiftUIApp.swift */,
			);
			path = App;
			sourceTree = "<group>";
		};
		7E18CF202C090A8E00852A6D /* Core */ = {
			isa = PBXGroup;
			children = (
				7EDB54432C0F619F006696F0 /* Components */,
				7E451AA62C0A3C2C00AAC64A /* Authentication */,
				7EDB543C2C0F566A006696F0 /* Root */,
			);
			path = Core;
			sourceTree = "<group>";
		};
		7E18CF212C090A9600852A6D /* Resources */ = {
			isa = PBXGroup;
			children = (
			);
			path = Resources;
			sourceTree = "<group>";
		};
		7E18CF222C090AB300852A6D /* Model */ = {
			isa = PBXGroup;
			children = (
			);
			path = Model;
			sourceTree = "<group>";
		};
		7E18CF232C090AD100852A6D /* Extensions */ = {
			isa = PBXGroup;
			children = (
			);
			path = Extensions;
			sourceTree = "<group>";
		};
		7E18CF242C090ADB00852A6D /* Services */ = {
			isa = PBXGroup;
			children = (
				7EDB54352C0F0F9F006696F0 /* AuthenticationService.swift */,
			);
			path = Services;
			sourceTree = "<group>";
		};
		7E451AA62C0A3C2C00AAC64A /* Authentication */ = {
			isa = PBXGroup;
			children = (
				7E451AAF2C0A464600AAC64A /* RegisterComponents */,
				7EDB54412C0F612F006696F0 /* ViewModel */,
				7EB93B982C0A4A2700436463 /* View */,
			);
			path = Authentication;
			sourceTree = "<group>";
		};
		7E451AAF2C0A464600AAC64A /* RegisterComponents */ = {
			isa = PBXGroup;
			children = (
				7E451AAD2C0A458000AAC64A /* RegisterHeaderTextField.swift */,
				7E451AB02C0A467800AAC64A /* RegisterHeaderSecureField.swift */,
				7E451AB22C0A49E800AAC64A /* RegisterHeaderPhoto.swift */,
			);
			name = RegisterComponents;
			sourceTree = "<group>";
		};
		7EB93B982C0A4A2700436463 /* View */ = {
			isa = PBXGroup;
			children = (
				7EDB544A2C0F7CE7006696F0 /* AddEmailView.swift */,
				7E451AA72C0A3CCA00AAC64A /* RegisterView.swift */,
				7EDB543D2C0F5D3C006696F0 /* LoginView.swift */,
				7EDB544C2C0F7F80006696F0 /* AddPasswordView.swift */,
				7EDB54502C0F8037006696F0 /* AddUserNameView.swift */,
			);
			name = View;
			sourceTree = "<group>";
		};
		7EDB54372C0F101F006696F0 /* Frameworks */ = {
			isa = PBXGroup;
			children = (
			);
			name = Frameworks;
			sourceTree = "<group>";
		};
		7EDB543C2C0F566A006696F0 /* Root */ = {
			isa = PBXGroup;
			children = (
				7E18CF132C090A6600852A6D /* ContentView.swift */,
			);
			path = Root;
			sourceTree = "<group>";
		};
		7EDB54412C0F612F006696F0 /* ViewModel */ = {
			isa = PBXGroup;
			children = (
				7EB93B992C0A505100436463 /* RegisterViewModel.swift */,
			);
			name = ViewModel;
			sourceTree = "<group>";
		};
		7EDB54432C0F619F006696F0 /* Components */ = {
			isa = PBXGroup;
			children = (
				7EDB54442C0F61C9006696F0 /* AuthButtonModifier.swift */,
				7EDB54482C0F7963006696F0 /* AuthTextFieldModifier.swift */,
			);
			path = Components;
			sourceTree = "<group>";
		};
/* End PBXGroup section */

/* Begin PBXNativeTarget section */
		7E18CF0D2C090A6600852A6D /* Monthly-SwiftUI */ = {
			isa = PBXNativeTarget;
			buildConfigurationList = 7E18CF1C2C090A6800852A6D /* Build configuration list for PBXNativeTarget "Monthly-SwiftUI" */;
			buildPhases = (
				7E18CF0A2C090A6600852A6D /* Sources */,
				7E18CF0B2C090A6600852A6D /* Frameworks */,
				7E18CF0C2C090A6600852A6D /* Resources */,
			);
			buildRules = (
			);
			dependencies = (
			);
			name = "Monthly-SwiftUI";
			packageProductDependencies = (
				7EDB542B2C0F0F6A006696F0 /* FirebaseAnalytics */,
				7EDB542D2C0F0F6A006696F0 /* FirebaseAnalyticsOnDeviceConversion */,
				7EDB542F2C0F0F6A006696F0 /* FirebaseAnalyticsSwift */,
				7EDB54312C0F0F6B006696F0 /* FirebaseAnalyticsWithoutAdIdSupport */,
				7EDB54332C0F0F6B006696F0 /* FirebaseAppCheck */,
				7EDB54382C0F101F006696F0 /* FirebaseAuth */,
			);
			productName = "Monthly-SwiftUI";
			productReference = 7E18CF0E2C090A6600852A6D /* Monthly-SwiftUI.app */;
			productType = "com.apple.product-type.application";
		};
/* End PBXNativeTarget section */

/* Begin PBXProject section */
		7E18CF062C090A6600852A6D /* Project object */ = {
			isa = PBXProject;
			attributes = {
				BuildIndependentTargetsInParallel = 1;
				LastSwiftUpdateCheck = 1520;
				LastUpgradeCheck = 1520;
				TargetAttributes = {
					7E18CF0D2C090A6600852A6D = {
						CreatedOnToolsVersion = 15.2;
					};
				};
			};
			buildConfigurationList = 7E18CF092C090A6600852A6D /* Build configuration list for PBXProject "Monthly-SwiftUI" */;
			compatibilityVersion = "Xcode 14.0";
			developmentRegion = en;
			hasScannedForEncodings = 0;
			knownRegions = (
				en,
				Base,
			);
			mainGroup = 7E18CF052C090A6600852A6D;
			packageReferences = (
				7EDB542A2C0F0F6A006696F0 /* XCRemoteSwiftPackageReference "firebase-ios-sdk" */,
			);
			productRefGroup = 7E18CF0F2C090A6600852A6D /* Products */;
			projectDirPath = "";
			projectRoot = "";
			targets = (
				7E18CF0D2C090A6600852A6D /* Monthly-SwiftUI */,
			);
		};
/* End PBXProject section */

/* Begin PBXResourcesBuildPhase section */
		7E18CF0C2C090A6600852A6D /* Resources */ = {
			isa = PBXResourcesBuildPhase;
			buildActionMask = 2147483647;
			files = (
				7E18CF192C090A6800852A6D /* Preview Assets.xcassets in Resources */,
				7E18CF162C090A6800852A6D /* Assets.xcassets in Resources */,
				7EDB543B2C0F563C006696F0 /* GoogleService-Info.plist in Resources */,
			);
			runOnlyForDeploymentPostprocessing = 0;
		};
/* End PBXResourcesBuildPhase section */

/* Begin PBXSourcesBuildPhase section */
		7E18CF0A2C090A6600852A6D /* Sources */ = {
			isa = PBXSourcesBuildPhase;
			buildActionMask = 2147483647;
			files = (
				7E451AA82C0A3CCA00AAC64A /* RegisterView.swift in Sources */,
				7E18CF142C090A6600852A6D /* ContentView.swift in Sources */,
				7EDB54512C0F8037006696F0 /* AddUserNameView.swift in Sources */,
				7EB93B9A2C0A505100436463 /* RegisterViewModel.swift in Sources */,
				7EDB543E2C0F5D3C006696F0 /* LoginView.swift in Sources */,
				7E451AB32C0A49E800AAC64A /* RegisterHeaderPhoto.swift in Sources */,
				7E18CF122C090A6600852A6D /* Monthly_SwiftUIApp.swift in Sources */,
				7EDB54452C0F61C9006696F0 /* AuthButtonModifier.swift in Sources */,
				7E451AAE2C0A458000AAC64A /* RegisterHeaderTextField.swift in Sources */,
				7EDB54492C0F7963006696F0 /* AuthTextFieldModifier.swift in Sources */,
				7EDB544B2C0F7CE8006696F0 /* AddEmailView.swift in Sources */,
				7E451AB12C0A467800AAC64A /* RegisterHeaderSecureField.swift in Sources */,
				7EDB544D2C0F7F80006696F0 /* AddPasswordView.swift in Sources */,
				7EDB54362C0F0F9F006696F0 /* AuthenticationService.swift in Sources */,
			);
			runOnlyForDeploymentPostprocessing = 0;
		};
/* End PBXSourcesBuildPhase section */

/* Begin XCBuildConfiguration section */
		7E18CF1A2C090A6800852A6D /* Debug */ = {
			isa = XCBuildConfiguration;
			buildSettings = {
				ALWAYS_SEARCH_USER_PATHS = NO;
				ASSETCATALOG_COMPILER_GENERATE_SWIFT_ASSET_SYMBOL_EXTENSIONS = YES;
				CLANG_ANALYZER_NONNULL = YES;
				CLANG_ANALYZER_NUMBER_OBJECT_CONVERSION = YES_AGGRESSIVE;
				CLANG_CXX_LANGUAGE_STANDARD = "gnu++20";
				CLANG_ENABLE_MODULES = YES;
				CLANG_ENABLE_OBJC_ARC = YES;
				CLANG_ENABLE_OBJC_WEAK = YES;
				CLANG_WARN_BLOCK_CAPTURE_AUTORELEASING = YES;
				CLANG_WARN_BOOL_CONVERSION = YES;
				CLANG_WARN_COMMA = YES;
				CLANG_WARN_CONSTANT_CONVERSION = YES;
				CLANG_WARN_DEPRECATED_OBJC_IMPLEMENTATIONS = YES;
				CLANG_WARN_DIRECT_OBJC_ISA_USAGE = YES_ERROR;
				CLANG_WARN_DOCUMENTATION_COMMENTS = YES;
				CLANG_WARN_EMPTY_BODY = YES;
				CLANG_WARN_ENUM_CONVERSION = YES;
				CLANG_WARN_INFINITE_RECURSION = YES;
				CLANG_WARN_INT_CONVERSION = YES;
				CLANG_WARN_NON_LITERAL_NULL_CONVERSION = YES;
				CLANG_WARN_OBJC_IMPLICIT_RETAIN_SELF = YES;
				CLANG_WARN_OBJC_LITERAL_CONVERSION = YES;
				CLANG_WARN_OBJC_ROOT_CLASS = YES_ERROR;
				CLANG_WARN_QUOTED_INCLUDE_IN_FRAMEWORK_HEADER = YES;
				CLANG_WARN_RANGE_LOOP_ANALYSIS = YES;
				CLANG_WARN_STRICT_PROTOTYPES = YES;
				CLANG_WARN_SUSPICIOUS_MOVE = YES;
				CLANG_WARN_UNGUARDED_AVAILABILITY = YES_AGGRESSIVE;
				CLANG_WARN_UNREACHABLE_CODE = YES;
				CLANG_WARN__DUPLICATE_METHOD_MATCH = YES;
				COPY_PHASE_STRIP = NO;
				DEBUG_INFORMATION_FORMAT = dwarf;
				ENABLE_STRICT_OBJC_MSGSEND = YES;
				ENABLE_TESTABILITY = YES;
				ENABLE_USER_SCRIPT_SANDBOXING = YES;
				GCC_C_LANGUAGE_STANDARD = gnu17;
				GCC_DYNAMIC_NO_PIC = NO;
				GCC_NO_COMMON_BLOCKS = YES;
				GCC_OPTIMIZATION_LEVEL = 0;
				GCC_PREPROCESSOR_DEFINITIONS = (
					"DEBUG=1",
					"$(inherited)",
				);
				GCC_WARN_64_TO_32_BIT_CONVERSION = YES;
				GCC_WARN_ABOUT_RETURN_TYPE = YES_ERROR;
				GCC_WARN_UNDECLARED_SELECTOR = YES;
				GCC_WARN_UNINITIALIZED_AUTOS = YES_AGGRESSIVE;
				GCC_WARN_UNUSED_FUNCTION = YES;
				GCC_WARN_UNUSED_VARIABLE = YES;
				IPHONEOS_DEPLOYMENT_TARGET = 17.0;
				LOCALIZATION_PREFERS_STRING_CATALOGS = YES;
				MTL_ENABLE_DEBUG_INFO = INCLUDE_SOURCE;
				MTL_FAST_MATH = YES;
				ONLY_ACTIVE_ARCH = YES;
				SDKROOT = iphoneos;
				SWIFT_ACTIVE_COMPILATION_CONDITIONS = "DEBUG $(inherited)";
				SWIFT_OPTIMIZATION_LEVEL = "-Onone";
			};
			name = Debug;
		};
		7E18CF1B2C090A6800852A6D /* Release */ = {
			isa = XCBuildConfiguration;
			buildSettings = {
				ALWAYS_SEARCH_USER_PATHS = NO;
				ASSETCATALOG_COMPILER_GENERATE_SWIFT_ASSET_SYMBOL_EXTENSIONS = YES;
				CLANG_ANALYZER_NONNULL = YES;
				CLANG_ANALYZER_NUMBER_OBJECT_CONVERSION = YES_AGGRESSIVE;
				CLANG_CXX_LANGUAGE_STANDARD = "gnu++20";
				CLANG_ENABLE_MODULES = YES;
				CLANG_ENABLE_OBJC_ARC = YES;
				CLANG_ENABLE_OBJC_WEAK = YES;
				CLANG_WARN_BLOCK_CAPTURE_AUTORELEASING = YES;
				CLANG_WARN_BOOL_CONVERSION = YES;
				CLANG_WARN_COMMA = YES;
				CLANG_WARN_CONSTANT_CONVERSION = YES;
				CLANG_WARN_DEPRECATED_OBJC_IMPLEMENTATIONS = YES;
				CLANG_WARN_DIRECT_OBJC_ISA_USAGE = YES_ERROR;
				CLANG_WARN_DOCUMENTATION_COMMENTS = YES;
				CLANG_WARN_EMPTY_BODY = YES;
				CLANG_WARN_ENUM_CONVERSION = YES;
				CLANG_WARN_INFINITE_RECURSION = YES;
				CLANG_WARN_INT_CONVERSION = YES;
				CLANG_WARN_NON_LITERAL_NULL_CONVERSION = YES;
				CLANG_WARN_OBJC_IMPLICIT_RETAIN_SELF = YES;
				CLANG_WARN_OBJC_LITERAL_CONVERSION = YES;
				CLANG_WARN_OBJC_ROOT_CLASS = YES_ERROR;
				CLANG_WARN_QUOTED_INCLUDE_IN_FRAMEWORK_HEADER = YES;
				CLANG_WARN_RANGE_LOOP_ANALYSIS = YES;
				CLANG_WARN_STRICT_PROTOTYPES = YES;
				CLANG_WARN_SUSPICIOUS_MOVE = YES;
				CLANG_WARN_UNGUARDED_AVAILABILITY = YES_AGGRESSIVE;
				CLANG_WARN_UNREACHABLE_CODE = YES;
				CLANG_WARN__DUPLICATE_METHOD_MATCH = YES;
				COPY_PHASE_STRIP = NO;
				DEBUG_INFORMATION_FORMAT = "dwarf-with-dsym";
				ENABLE_NS_ASSERTIONS = NO;
				ENABLE_STRICT_OBJC_MSGSEND = YES;
				ENABLE_USER_SCRIPT_SANDBOXING = YES;
				GCC_C_LANGUAGE_STANDARD = gnu17;
				GCC_NO_COMMON_BLOCKS = YES;
				GCC_WARN_64_TO_32_BIT_CONVERSION = YES;
				GCC_WARN_ABOUT_RETURN_TYPE = YES_ERROR;
				GCC_WARN_UNDECLARED_SELECTOR = YES;
				GCC_WARN_UNINITIALIZED_AUTOS = YES_AGGRESSIVE;
				GCC_WARN_UNUSED_FUNCTION = YES;
				GCC_WARN_UNUSED_VARIABLE = YES;
				IPHONEOS_DEPLOYMENT_TARGET = 17.0;
				LOCALIZATION_PREFERS_STRING_CATALOGS = YES;
				MTL_ENABLE_DEBUG_INFO = NO;
				MTL_FAST_MATH = YES;
				SDKROOT = iphoneos;
				SWIFT_COMPILATION_MODE = wholemodule;
				VALIDATE_PRODUCT = YES;
			};
			name = Release;
		};
		7E18CF1D2C090A6800852A6D /* Debug */ = {
			isa = XCBuildConfiguration;
			buildSettings = {
				ASSETCATALOG_COMPILER_APPICON_NAME = AppIcon;
				ASSETCATALOG_COMPILER_GLOBAL_ACCENT_COLOR_NAME = AccentColor;
				CODE_SIGN_STYLE = Automatic;
				CURRENT_PROJECT_VERSION = 1;
				DEVELOPMENT_ASSET_PATHS = "\"Monthly-SwiftUI/Preview Content\"";
				ENABLE_PREVIEWS = YES;
				GENERATE_INFOPLIST_FILE = YES;
				INFOPLIST_KEY_CFBundleDisplayName = Monthly;
				INFOPLIST_KEY_UIApplicationSceneManifest_Generation = YES;
				INFOPLIST_KEY_UIApplicationSupportsIndirectInputEvents = YES;
				INFOPLIST_KEY_UILaunchScreen_Generation = YES;
				INFOPLIST_KEY_UISupportedInterfaceOrientations_iPad = "UIInterfaceOrientationPortrait UIInterfaceOrientationPortraitUpsideDown UIInterfaceOrientationLandscapeLeft UIInterfaceOrientationLandscapeRight";
				INFOPLIST_KEY_UISupportedInterfaceOrientations_iPhone = "UIInterfaceOrientationPortrait UIInterfaceOrientationLandscapeLeft UIInterfaceOrientationLandscapeRight";
				IPHONEOS_DEPLOYMENT_TARGET = 16.0;
				LD_RUNPATH_SEARCH_PATHS = (
					"$(inherited)",
					"@executable_path/Frameworks",
				);
				MARKETING_VERSION = 1.0;
				PRODUCT_BUNDLE_IDENTIFIER = "com.andrew.com.Monthly-SwiftUI";
				PRODUCT_NAME = "$(TARGET_NAME)";
				SWIFT_EMIT_LOC_STRINGS = YES;
				SWIFT_VERSION = 5.0;
				TARGETED_DEVICE_FAMILY = "1,2";
			};
			name = Debug;
		};
		7E18CF1E2C090A6800852A6D /* Release */ = {
			isa = XCBuildConfiguration;
			buildSettings = {
				ASSETCATALOG_COMPILER_APPICON_NAME = AppIcon;
				ASSETCATALOG_COMPILER_GLOBAL_ACCENT_COLOR_NAME = AccentColor;
				CODE_SIGN_STYLE = Automatic;
				CURRENT_PROJECT_VERSION = 1;
				DEVELOPMENT_ASSET_PATHS = "\"Monthly-SwiftUI/Preview Content\"";
				ENABLE_PREVIEWS = YES;
				GENERATE_INFOPLIST_FILE = YES;
				INFOPLIST_KEY_CFBundleDisplayName = Monthly;
				INFOPLIST_KEY_UIApplicationSceneManifest_Generation = YES;
				INFOPLIST_KEY_UIApplicationSupportsIndirectInputEvents = YES;
				INFOPLIST_KEY_UILaunchScreen_Generation = YES;
				INFOPLIST_KEY_UISupportedInterfaceOrientations_iPad = "UIInterfaceOrientationPortrait UIInterfaceOrientationPortraitUpsideDown UIInterfaceOrientationLandscapeLeft UIInterfaceOrientationLandscapeRight";
				INFOPLIST_KEY_UISupportedInterfaceOrientations_iPhone = "UIInterfaceOrientationPortrait UIInterfaceOrientationLandscapeLeft UIInterfaceOrientationLandscapeRight";
				IPHONEOS_DEPLOYMENT_TARGET = 16.0;
				LD_RUNPATH_SEARCH_PATHS = (
					"$(inherited)",
					"@executable_path/Frameworks",
				);
				MARKETING_VERSION = 1.0;
				PRODUCT_BUNDLE_IDENTIFIER = "com.andrew.com.Monthly-SwiftUI";
				PRODUCT_NAME = "$(TARGET_NAME)";
				SWIFT_EMIT_LOC_STRINGS = YES;
				SWIFT_VERSION = 5.0;
				TARGETED_DEVICE_FAMILY = "1,2";
			};
			name = Release;
		};
/* End XCBuildConfiguration section */

/* Begin XCConfigurationList section */
		7E18CF092C090A6600852A6D /* Build configuration list for PBXProject "Monthly-SwiftUI" */ = {
			isa = XCConfigurationList;
			buildConfigurations = (
				7E18CF1A2C090A6800852A6D /* Debug */,
				7E18CF1B2C090A6800852A6D /* Release */,
			);
			defaultConfigurationIsVisible = 0;
			defaultConfigurationName = Release;
		};
		7E18CF1C2C090A6800852A6D /* Build configuration list for PBXNativeTarget "Monthly-SwiftUI" */ = {
			isa = XCConfigurationList;
			buildConfigurations = (
				7E18CF1D2C090A6800852A6D /* Debug */,
				7E18CF1E2C090A6800852A6D /* Release */,
			);
			defaultConfigurationIsVisible = 0;
			defaultConfigurationName = Release;
		};
/* End XCConfigurationList section */

/* Begin XCRemoteSwiftPackageReference section */
		7EDB542A2C0F0F6A006696F0 /* XCRemoteSwiftPackageReference "firebase-ios-sdk" */ = {
			isa = XCRemoteSwiftPackageReference;
			repositoryURL = "https://github.com/firebase/firebase-ios-sdk.git";
			requirement = {
				kind = upToNextMajorVersion;
				minimumVersion = 10.27.0;
			};
		};
/* End XCRemoteSwiftPackageReference section */

/* Begin XCSwiftPackageProductDependency section */
		7EDB542B2C0F0F6A006696F0 /* FirebaseAnalytics */ = {
			isa = XCSwiftPackageProductDependency;
			package = 7EDB542A2C0F0F6A006696F0 /* XCRemoteSwiftPackageReference "firebase-ios-sdk" */;
			productName = FirebaseAnalytics;
		};
		7EDB542D2C0F0F6A006696F0 /* FirebaseAnalyticsOnDeviceConversion */ = {
			isa = XCSwiftPackageProductDependency;
			package = 7EDB542A2C0F0F6A006696F0 /* XCRemoteSwiftPackageReference "firebase-ios-sdk" */;
			productName = FirebaseAnalyticsOnDeviceConversion;
		};
		7EDB542F2C0F0F6A006696F0 /* FirebaseAnalyticsSwift */ = {
			isa = XCSwiftPackageProductDependency;
			package = 7EDB542A2C0F0F6A006696F0 /* XCRemoteSwiftPackageReference "firebase-ios-sdk" */;
			productName = FirebaseAnalyticsSwift;
		};
		7EDB54312C0F0F6B006696F0 /* FirebaseAnalyticsWithoutAdIdSupport */ = {
			isa = XCSwiftPackageProductDependency;
			package = 7EDB542A2C0F0F6A006696F0 /* XCRemoteSwiftPackageReference "firebase-ios-sdk" */;
			productName = FirebaseAnalyticsWithoutAdIdSupport;
		};
		7EDB54332C0F0F6B006696F0 /* FirebaseAppCheck */ = {
			isa = XCSwiftPackageProductDependency;
			package = 7EDB542A2C0F0F6A006696F0 /* XCRemoteSwiftPackageReference "firebase-ios-sdk" */;
			productName = FirebaseAppCheck;
		};
		7EDB54382C0F101F006696F0 /* FirebaseAuth */ = {
			isa = XCSwiftPackageProductDependency;
			package = 7EDB542A2C0F0F6A006696F0 /* XCRemoteSwiftPackageReference "firebase-ios-sdk" */;
			productName = FirebaseAuth;
		};
/* End XCSwiftPackageProductDependency section */
	};
	rootObject = 7E18CF062C090A6600852A6D /* Project object */;
}
